
Microsoft Visual Studio Solution File, Format Version 12.00
# Visual Studio 15
VisualStudioVersion = 15.0.28307.489
MinimumVisualStudioVersion = 10.0.40219.1
Project("{FAE04EC0-301F-11D3-BF4B-00C04F79EFBC}") = "Loodos", "Loodos\Loodos.csproj", "{12DF2956-5DAF-4AFA-8610-6FE552901A21}"
EndProject
Global
	GlobalSection(SolutionConfigurationPlatforms) = preSolution
		Debug|Any CPU = Debug|Any CPU
		Release|Any CPU = Release|Any CPU
	EndGlobalSection
	GlobalSection(ProjectConfigurationPlatforms) = postSolution
		{12DF2956-5DAF-4AFA-8610-6FE552901A21}.Debug|Any CPU.ActiveCfg = Debug|Any CPU
		{12DF2956-5DAF-4AFA-8610-6FE552901A21}.Debug|Any CPU.Build.0 = Debug|Any CPU
		{12DF2956-5DAF-4AFA-8610-6FE552901A21}.Release|Any CPU.ActiveCfg = Release|Any CPU
		{12DF2956-5DAF-4AFA-8610-6FE552901A21}.Release|Any CPU.Build.0 = Release|Any CPU
	EndGlobalSection
	GlobalSection(SolutionProperties) = preSolution
		HideSolutionNode = FALSE
	EndGlobalSection
	GlobalSection(ExtensibilityGlobals) = postSolution
		SolutionGuid = {2FFB40B9-AD94-4C57-AEA5-4319336797F9}
	EndGlobalSection
EndGlobal
